
Microsoft Visual Studio Solution File, Format Version 12.00
# Visual Studio Version 17
VisualStudioVersion = 17.3.32922.545
MinimumVisualStudioVersion = 10.0.40219.1
Project("{FAE04EC0-301F-11D3-BF4B-00C04F79EFBC}") = "LW_Web", "LW_Web\LW_Web.csproj", "{3F9178B5-2378-427E-B457-9B6A566C7AA0}"
EndProject
Project("{FAE04EC0-301F-11D3-BF4B-00C04F79EFBC}") = "LW_Data", "LW_Data2\LW_Data.csproj", "{A1382675-953D-42CA-AD30-8431F89368C4}"
EndProject
Project("{FAE04EC0-301F-11D3-BF4B-00C04F79EFBC}") = "LW_Common", "LW_Common2\LW_Common.csproj", "{4936DE28-743A-4609-B232-256D3F3A2FFE}"
EndProject
Project("{2150E333-8FDC-42A3-9474-1A3956D46DE8}") = "YardiExportSQL", "YardiExportSQL", "{C9253149-FCBD-40D6-8270-8893EBB28947}"
	ProjectSection(SolutionItems) = preProject
		YardiExportSQL\01 - WO List.sql = YardiExportSQL\01 - WO List.sql
		YardiExportSQL\02 - PO List.sql = YardiExportSQL\02 - PO List.sql
		YardiExportSQL\03 - WO Inventory List.sql = YardiExportSQL\03 - WO Inventory List.sql
		YardiExportSQL\04 - PO Inventory List.sql = YardiExportSQL\04 - PO Inventory List.sql
		YardiExportSQL\05 - WorkOrderGeneral.sql = YardiExportSQL\05 - WorkOrderGeneral.sql
	EndProjectSection
EndProject
Project("{FAE04EC0-301F-11D3-BF4B-00C04F79EFBC}") = "LW_Global", "LW_Settings\LW_Global.csproj", "{BB244BC2-B81B-420B-860C-855BEEDFC0ED}"
EndProject
Project("{FAE04EC0-301F-11D3-BF4B-00C04F79EFBC}") = "LW_Security", "LW_Security\LW_Security.csproj", "{C118A0F0-2685-46FE-8CB7-DDDB8768BC0E}"
EndProject
Global
	GlobalSection(SolutionConfigurationPlatforms) = preSolution
		Debug|Any CPU = Debug|Any CPU
		Release|Any CPU = Release|Any CPU
	EndGlobalSection
	GlobalSection(ProjectConfigurationPlatforms) = postSolution
		{3F9178B5-2378-427E-B457-9B6A566C7AA0}.Debug|Any CPU.ActiveCfg = Debug|Any CPU
		{3F9178B5-2378-427E-B457-9B6A566C7AA0}.Debug|Any CPU.Build.0 = Debug|Any CPU
		{3F9178B5-2378-427E-B457-9B6A566C7AA0}.Release|Any CPU.ActiveCfg = Release|Any CPU
		{3F9178B5-2378-427E-B457-9B6A566C7AA0}.Release|Any CPU.Build.0 = Release|Any CPU
		{A1382675-953D-42CA-AD30-8431F89368C4}.Debug|Any CPU.ActiveCfg = Debug|Any CPU
		{A1382675-953D-42CA-AD30-8431F89368C4}.Debug|Any CPU.Build.0 = Debug|Any CPU
		{A1382675-953D-42CA-AD30-8431F89368C4}.Release|Any CPU.ActiveCfg = Release|Any CPU
		{A1382675-953D-42CA-AD30-8431F89368C4}.Release|Any CPU.Build.0 = Release|Any CPU
		{4936DE28-743A-4609-B232-256D3F3A2FFE}.Debug|Any CPU.ActiveCfg = Debug|Any CPU
		{4936DE28-743A-4609-B232-256D3F3A2FFE}.Debug|Any CPU.Build.0 = Debug|Any CPU
		{4936DE28-743A-4609-B232-256D3F3A2FFE}.Release|Any CPU.ActiveCfg = Release|Any CPU
		{4936DE28-743A-4609-B232-256D3F3A2FFE}.Release|Any CPU.Build.0 = Release|Any CPU
		{BB244BC2-B81B-420B-860C-855BEEDFC0ED}.Debug|Any CPU.ActiveCfg = Debug|Any CPU
		{BB244BC2-B81B-420B-860C-855BEEDFC0ED}.Debug|Any CPU.Build.0 = Debug|Any CPU
		{BB244BC2-B81B-420B-860C-855BEEDFC0ED}.Release|Any CPU.ActiveCfg = Release|Any CPU
		{BB244BC2-B81B-420B-860C-855BEEDFC0ED}.Release|Any CPU.Build.0 = Release|Any CPU
		{C118A0F0-2685-46FE-8CB7-DDDB8768BC0E}.Debug|Any CPU.ActiveCfg = Debug|Any CPU
		{C118A0F0-2685-46FE-8CB7-DDDB8768BC0E}.Debug|Any CPU.Build.0 = Debug|Any CPU
		{C118A0F0-2685-46FE-8CB7-DDDB8768BC0E}.Release|Any CPU.ActiveCfg = Release|Any CPU
		{C118A0F0-2685-46FE-8CB7-DDDB8768BC0E}.Release|Any CPU.Build.0 = Release|Any CPU
	EndGlobalSection
	GlobalSection(SolutionProperties) = preSolution
		HideSolutionNode = FALSE
	EndGlobalSection
	GlobalSection(ExtensibilityGlobals) = postSolution
		SolutionGuid = {01223F28-EF6D-4135-A29F-632E47436B78}
	EndGlobalSection
EndGlobal
